
Microsoft Visual Studio Solution File, Format Version 12.00
# Visual Studio 15
VisualStudioVersion = 15.0.28307.572
MinimumVisualStudioVersion = 10.0.40219.1
Project("{888888A0-9F3D-457C-B088-3A5042F75D52}") = "Zadanie3", "Zadanie3\Zadanie3.pyproj", "{F4D529B3-E96A-4AD4-90F0-A43EDE8E59A8}"
EndProject
Global
	GlobalSection(SolutionConfigurationPlatforms) = preSolution
		Debug|Any CPU = Debug|Any CPU
		Release|Any CPU = Release|Any CPU
	EndGlobalSection
	GlobalSection(ProjectConfigurationPlatforms) = postSolution
		{F4D529B3-E96A-4AD4-90F0-A43EDE8E59A8}.Debug|Any CPU.ActiveCfg = Debug|Any CPU
		{F4D529B3-E96A-4AD4-90F0-A43EDE8E59A8}.Release|Any CPU.ActiveCfg = Release|Any CPU
	EndGlobalSection
	GlobalSection(SolutionProperties) = preSolution
		HideSolutionNode = FALSE
	EndGlobalSection
	GlobalSection(ExtensibilityGlobals) = postSolution
		SolutionGuid = {F7E6F4D8-02BD-4122-8131-93AD727B5C86}
	EndGlobalSection
EndGlobal
