
Microsoft Visual Studio Solution File, Format Version 12.00
# Visual Studio 15
VisualStudioVersion = 15.0.28307.438
MinimumVisualStudioVersion = 10.0.40219.1
Project("{888888A0-9F3D-457C-B088-3A5042F75D52}") = "Zadanie2", "Zadanie2\Zadanie2.pyproj", "{8C5A13B7-1D6E-44E3-B5E5-6D883E153038}"
EndProject
Global
	GlobalSection(SolutionConfigurationPlatforms) = preSolution
		Debug|Any CPU = Debug|Any CPU
		Release|Any CPU = Release|Any CPU
	EndGlobalSection
	GlobalSection(ProjectConfigurationPlatforms) = postSolution
		{8C5A13B7-1D6E-44E3-B5E5-6D883E153038}.Debug|Any CPU.ActiveCfg = Debug|Any CPU
		{8C5A13B7-1D6E-44E3-B5E5-6D883E153038}.Release|Any CPU.ActiveCfg = Release|Any CPU
	EndGlobalSection
	GlobalSection(SolutionProperties) = preSolution
		HideSolutionNode = FALSE
	EndGlobalSection
	GlobalSection(ExtensibilityGlobals) = postSolution
		SolutionGuid = {D1861222-A814-4AF9-B4C7-52B4F7B921D5}
	EndGlobalSection
EndGlobal
